
Microsoft Visual Studio Solution File, Format Version 12.00
# Visual Studio Version 17
VisualStudioVersion = 17.1.32407.343
MinimumVisualStudioVersion = 10.0.40219.1
Project("{9A19103F-16F7-4668-BE54-9A1E7A4F7556}") = "SchedulerCore.Host", "SchedulerCore\SchedulerCore.Host.csproj", "{9C0923CF-A869-4F1E-AA59-F941DDC0A884}"
EndProject
Project("{9A19103F-16F7-4668-BE54-9A1E7A4F7556}") = "Scheduler.Repositories", "Scheduler.Repositories\Scheduler.Repositories.csproj", "{9811F12B-8BB4-4A9F-B19F-4ECABB9CAF49}"
EndProject
Project("{FAE04EC0-301F-11D3-BF4B-00C04F79EFBC}") = "Scheduler.Common", "Scheduler.Common\Scheduler.Common.csproj", "{91BB02B0-BC66-46A2-B8F6-7AADE150BD60}"
EndProject
Global
	GlobalSection(SolutionConfigurationPlatforms) = preSolution
		Debug|Any CPU = Debug|Any CPU
		Release|Any CPU = Release|Any CPU
	EndGlobalSection
	GlobalSection(ProjectConfigurationPlatforms) = postSolution
		{9C0923CF-A869-4F1E-AA59-F941DDC0A884}.Debug|Any CPU.ActiveCfg = Debug|Any CPU
		{9C0923CF-A869-4F1E-AA59-F941DDC0A884}.Debug|Any CPU.Build.0 = Debug|Any CPU
		{9C0923CF-A869-4F1E-AA59-F941DDC0A884}.Release|Any CPU.ActiveCfg = Release|Any CPU
		{9C0923CF-A869-4F1E-AA59-F941DDC0A884}.Release|Any CPU.Build.0 = Release|Any CPU
		{9811F12B-8BB4-4A9F-B19F-4ECABB9CAF49}.Debug|Any CPU.ActiveCfg = Debug|Any CPU
		{9811F12B-8BB4-4A9F-B19F-4ECABB9CAF49}.Debug|Any CPU.Build.0 = Debug|Any CPU
		{9811F12B-8BB4-4A9F-B19F-4ECABB9CAF49}.Release|Any CPU.ActiveCfg = Release|Any CPU
		{9811F12B-8BB4-4A9F-B19F-4ECABB9CAF49}.Release|Any CPU.Build.0 = Release|Any CPU
		{91BB02B0-BC66-46A2-B8F6-7AADE150BD60}.Debug|Any CPU.ActiveCfg = Debug|Any CPU
		{91BB02B0-BC66-46A2-B8F6-7AADE150BD60}.Debug|Any CPU.Build.0 = Debug|Any CPU
		{91BB02B0-BC66-46A2-B8F6-7AADE150BD60}.Release|Any CPU.ActiveCfg = Release|Any CPU
		{91BB02B0-BC66-46A2-B8F6-7AADE150BD60}.Release|Any CPU.Build.0 = Release|Any CPU
	EndGlobalSection
	GlobalSection(SolutionProperties) = preSolution
		HideSolutionNode = FALSE
	EndGlobalSection
	GlobalSection(ExtensibilityGlobals) = postSolution
		SolutionGuid = {D530F5CA-CBA1-4CA0-ABBD-B5B07CB5CD1B}
	EndGlobalSection
EndGlobal
