
Microsoft Visual Studio Solution File, Format Version 12.00
# Visual Studio Version 16
VisualStudioVersion = 16.0.31129.286
MinimumVisualStudioVersion = 10.0.40219.1
Project("{FAE04EC0-301F-11D3-BF4B-00C04F79EFBC}") = "SchedulerCore.Host", "SchedulerCore.Host\SchedulerCore.Host.csproj", "{CE227D93-3971-464B-BAB8-6756EE9CD221}"
EndProject
Global
	GlobalSection(SolutionConfigurationPlatforms) = preSolution
		Debug|Any CPU = Debug|Any CPU
		Release|Any CPU = Release|Any CPU
	EndGlobalSection
	GlobalSection(ProjectConfigurationPlatforms) = postSolution
		{CE227D93-3971-464B-BAB8-6756EE9CD221}.Debug|Any CPU.ActiveCfg = Debug|Any CPU
		{CE227D93-3971-464B-BAB8-6756EE9CD221}.Debug|Any CPU.Build.0 = Debug|Any CPU
		{CE227D93-3971-464B-BAB8-6756EE9CD221}.Release|Any CPU.ActiveCfg = Release|Any CPU
		{CE227D93-3971-464B-BAB8-6756EE9CD221}.Release|Any CPU.Build.0 = Release|Any CPU
	EndGlobalSection
	GlobalSection(SolutionProperties) = preSolution
		HideSolutionNode = FALSE
	EndGlobalSection
	GlobalSection(ExtensibilityGlobals) = postSolution
		SolutionGuid = {DC700192-6803-471B-835D-65E0C5A8EA76}
	EndGlobalSection
EndGlobal
